
Microsoft Visual Studio Solution File, Format Version 12.00
# Visual Studio 15
VisualStudioVersion = 15.0.28307.421
MinimumVisualStudioVersion = 10.0.40219.1
Project("{FAE04EC0-301F-11D3-BF4B-00C04F79EFBC}") = "BurkinafasoSite", "BurkinafasoSite\BurkinafasoSite.csproj", "{62ABE376-2E80-4D15-B14B-AE5D552C9F9B}"
EndProject
Global
	GlobalSection(SolutionConfigurationPlatforms) = preSolution
		Debug|Any CPU = Debug|Any CPU
		Release|Any CPU = Release|Any CPU
	EndGlobalSection
	GlobalSection(ProjectConfigurationPlatforms) = postSolution
		{62ABE376-2E80-4D15-B14B-AE5D552C9F9B}.Debug|Any CPU.ActiveCfg = Debug|Any CPU
		{62ABE376-2E80-4D15-B14B-AE5D552C9F9B}.Debug|Any CPU.Build.0 = Debug|Any CPU
		{62ABE376-2E80-4D15-B14B-AE5D552C9F9B}.Release|Any CPU.ActiveCfg = Release|Any CPU
		{62ABE376-2E80-4D15-B14B-AE5D552C9F9B}.Release|Any CPU.Build.0 = Release|Any CPU
	EndGlobalSection
	GlobalSection(SolutionProperties) = preSolution
		HideSolutionNode = FALSE
	EndGlobalSection
	GlobalSection(ExtensibilityGlobals) = postSolution
		SolutionGuid = {BA84131E-522A-42C2-953F-8496041DE02B}
	EndGlobalSection
EndGlobal
